<?xml version="1.0" encoding="UTF-8" standalone="yes" ?>
<CodeBlocks_project_file>
	<FileVersion major="1" minor="6" />
	<Project>
		<Option title="cluige" />
		<Option pch_mode="2" />
		<Option compiler="gcc" />
		<Build>
			<Target title="Debug">
				<Option output="bin/Debug/libcluige" prefix_auto="1" extension_auto="1" />
				<Option object_output="obj/Debug/" />
				<Option type="3" />
				<Option compiler="gcc" />
				<Option createDefFile="1" />
				<Option createStaticLib="1" />
				<Compiler>
					<Add option="-g" />
				</Compiler>
				<Linker>
					<Add option="-static-libgcc" />
					<Add option="-static" />
					<Add library="../pdcurses_debug/pdcurses_debug/bin/Debug/libpdcurses_debug.a" />
				</Linker>
			</Target>
			<Target title="Release">
				<Option output="bin/Release/libcluige" prefix_auto="1" extension_auto="1" />
				<Option object_output="obj/Release/" />
				<Option type="3" />
				<Option compiler="gcc" />
				<Option createDefFile="1" />
				<Option createStaticLib="1" />
				<Compiler>
					<Add option="-O2" />
				</Compiler>
				<Linker>
					<Add option="-s" />
				</Linker>
			</Target>
		</Build>
		<Compiler>
			<Add option="-Wall" />
			<Add option="-std=c11" />
			<Add directory="../PDCurses" />
		</Compiler>
		<Unit filename="Deque.c">
			<Option compilerVar="CC" />
		</Unit>
		<Unit filename="Deque.h" />
		<Unit filename="LineDrawerThin.c">
			<Option compilerVar="CC" />
		</Unit>
		<Unit filename="LineDrawerThin.h" />
		<Unit filename="Node.c">
			<Option compilerVar="CC" />
		</Unit>
		<Unit filename="Node.h" />
		<Unit filename="Nodes/Camera2D.c">
			<Option compilerVar="CC" />
		</Unit>
		<Unit filename="Nodes/Camera2D.h" />
		<Unit filename="Nodes/Clock.c">
			<Option compilerVar="CC" />
		</Unit>
		<Unit filename="Nodes/Clock.h" />
		<Unit filename="Nodes/Input.c">
			<Option compilerVar="CC" />
		</Unit>
		<Unit filename="Nodes/Input.h" />
		<Unit filename="Nodes/Node2D.c">
			<Option compilerVar="CC" />
		</Unit>
		<Unit filename="Nodes/Node2D.h" />
		<Unit filename="Nodes/SpriteSVG.c">
			<Option compilerVar="CC" />
		</Unit>
		<Unit filename="Nodes/SpriteSVG.h" />
		<Unit filename="Nodes/SpriteText.c">
			<Option compilerVar="CC" />
		</Unit>
		<Unit filename="Nodes/SpriteText.h" />
		<Unit filename="PackedScene.c">
			<Option compilerVar="CC" />
		</Unit>
		<Unit filename="PackedScene.h" />
		<Unit filename="Path2D.c">
			<Option compilerVar="CC" />
		</Unit>
		<Unit filename="Path2D.h" />
		<Unit filename="SVGParser.c">
			<Option compilerVar="CC" />
		</Unit>
		<Unit filename="SVGParser.h" />
		<Unit filename="Script.c">
			<Option compilerVar="CC" />
		</Unit>
		<Unit filename="Script.h" />
		<Unit filename="SortedDictionary.c">
			<Option compilerVar="CC" />
		</Unit>
		<Unit filename="SortedDictionary.h" />
		<Unit filename="StringBuilder.c">
			<Option compilerVar="CC" />
		</Unit>
		<Unit filename="StringBuilder.h" />
		<Unit filename="TscnParser.c">
			<Option compilerVar="CC" />
		</Unit>
		<Unit filename="TscnParser.h" />
		<Unit filename="Utils.c">
			<Option compilerVar="CC" />
		</Unit>
		<Unit filename="Utils.h" />
		<Unit filename="Variant.c">
			<Option compilerVar="CC" />
		</Unit>
		<Unit filename="Variant.h" />
		<Unit filename="Vector2.c">
			<Option compilerVar="CC" />
		</Unit>
		<Unit filename="Vector2.h" />
		<Unit filename="cluige.c">
			<Option compilerVar="CC" />
		</Unit>
		<Unit filename="cluige.h" />
		<Extensions />
	</Project>
</CodeBlocks_project_file>
